{
  "dependencies": {
    "ca_certificates": "409292bf5998bdf8374d4ddfc9b998f96c7119157aaa6c7a35f541c3695b65bb",
    "curl": "529ecc5ce7f51c978fa5c33ca8c7dc8f032e669c400c7126f750df00b4d55a43",
    "nodejs": "452fb7b205b486aa1733bd4beb456a6a0065b34881271f907cf2a4c8d8358635",
    "rust": "14ed6dab5dbc662422d402f0aa3779d0072272dc29b2cc6023dc8fe1d2dbe115",
    "sqlx_cli": "1e9891dac54c7add9190f594c030f8d49963de9014dd760df653ec25bf9ee8f8",
    "std": "6615488ac8854d4996747c4c9e2f4558f14b25a7ebb74f37a09f3489e7b61de5"
  }
}
