{
  "dependencies": {
    "ca_certificates": "5d05e512f68878dfb6bef60208d1e73f60524bdc9b7a1a558c9fd4e1d694a7c9",
    "curl": "88cffa6059ce9e29560758fb14361fbf5cf893a37dbf01bfae411431d6021d7d",
    "nodejs": "885d5d9769951325d3f86b2fe599eeafe851aa6ee40fc5d25081c6a5443a1696",
    "rust": "d4cf545c38e1296628401ac707dfdb6aa87e3adb4062bacdd7fa15f59f925b1f",
    "sqlx_cli": "fdf177c314e2f2a1191c7c57466e3ef5b4509f983736fccca3dd8ff42eb1ddba",
    "std": "32f765284ddb56c3c6192c9ff700b7d10802977b3653e164671db7994b005267"
  }
}
