{
  "dependencies": {
    "ca_certificates": "948f481d85b46452696b4787edbb2f076ae2274239b4e1cf109a582b33dc61ea",
    "curl": "a39cc98eb5b152d6211a96d8eef2d197f6f89ab878f3238ce1eb07250ca42ca3",
    "git": "d63a69a593a7012b7c1bd34847ca6414f1d7872f3e08e8b374c821e728af5020",
    "nodejs": "8ea8d2dfb9601e0b6dc62aa9db3c2afadc31dd0802feb9bfdbb675558d8ff86c",
    "openssl": "6077e914f17db2f1a6292dfc0f37715adb34ce11f46ab1ceda38622b303c1a0b",
    "rust": "d8edbc1ab8011944c9f3ff47a0e351c8a0b4df903a27633e5421176fcc0b6512",
    "std": "c1c3718fc8098d7083f01d193876757803a35cf09dfe73e3c03e4103c1b8862c"
  },
  "git_refs": {
    "https://github.com/launchbadge/sqlx.git": {
      "v0.7.4": "635dba5b2682033101a1271e9fb4bf2516c0b840"
    }
  }
}
